{
  "name": "okinawa-trip",
  "lockfileVersion": 3,
  "requires": true,
  "packages": {
    "": {
      "dependencies": {
        "create-next-app": "^15.0.3"
      }
    },
    "node_modules/create-next-app": {
      "version": "15.0.3",
      "resolved": "https://registry.npmjs.org/create-next-app/-/create-next-app-15.0.3.tgz",
      "integrity": "sha512-WJTW/JsnUxx62s0ldTf9DmT7249TheKoUNHd5MiNenxyC3NHKC5vTOGpO5DNkeDhW41da0PD1+9swUKXxXsC0Q==",
      "bin": {
        "create-next-app": "dist/index.js"
      },
      "engines": {
        "node": ">=18.18.0"
      }
    }
  }
}
